// !$*UTF8*$!
{
	archiveVersion = 1;
	classes = {
	};
	objectVersion = 50;
	objects = {

/* Begin PBXBuildFile section */
		031DDE71239D374500CEF9B6 /* ProductDetailsViewController.swift in Sources */ = {isa = PBXBuildFile; fileRef = 031DDE70239D374500CEF9B6 /* ProductDetailsViewController.swift */; };
		03276545238E811E007ECAB8 /* RegistrationViewController.swift in Sources */ = {isa = PBXBuildFile; fileRef = 03276544238E811E007ECAB8 /* RegistrationViewController.swift */; };
		03276547238E814E007ECAB8 /* RegistrationViewModel.swift in Sources */ = {isa = PBXBuildFile; fileRef = 03276546238E814E007ECAB8 /* RegistrationViewModel.swift */; };
		03276549238EC56C007ECAB8 /* OTPViewController.swift in Sources */ = {isa = PBXBuildFile; fileRef = 03276548238EC56C007ECAB8 /* OTPViewController.swift */; };
		0327654B238ED5E4007ECAB8 /* ForgotPasswordViewController.swift in Sources */ = {isa = PBXBuildFile; fileRef = 0327654A238ED5E4007ECAB8 /* ForgotPasswordViewController.swift */; };
		034192792390212E00ACF085 /* Shop.storyboard in Resources */ = {isa = PBXBuildFile; fileRef = 034192782390212E00ACF085 /* Shop.storyboard */; };
		0341927B2390214500ACF085 /* ShopViewController.swift in Sources */ = {isa = PBXBuildFile; fileRef = 0341927A2390214500ACF085 /* ShopViewController.swift */; };
		0341927D2390215D00ACF085 /* ShopViewModel.swift in Sources */ = {isa = PBXBuildFile; fileRef = 0341927C2390215D00ACF085 /* ShopViewModel.swift */; };
		034192812390280E00ACF085 /* TabBar.swift in Sources */ = {isa = PBXBuildFile; fileRef = 034192802390280E00ACF085 /* TabBar.swift */; };
		034192832390356600ACF085 /* HomeTabBarController.swift in Sources */ = {isa = PBXBuildFile; fileRef = 034192822390356600ACF085 /* HomeTabBarController.swift */; };
		0341928523903C0000ACF085 /* AppRootContainer.swift in Sources */ = {isa = PBXBuildFile; fileRef = 0341928423903C0000ACF085 /* AppRootContainer.swift */; };
		034192872390420D00ACF085 /* QRCodeViewController.swift in Sources */ = {isa = PBXBuildFile; fileRef = 034192862390420D00ACF085 /* QRCodeViewController.swift */; };
		0341928E2390435F00ACF085 /* QRCode.storyboard in Resources */ = {isa = PBXBuildFile; fileRef = 0341928D2390435F00ACF085 /* QRCode.storyboard */; };
		03419292239044D700ACF085 /* QRCodeViewModel.swift in Sources */ = {isa = PBXBuildFile; fileRef = 03419291239044D700ACF085 /* QRCodeViewModel.swift */; };
		034192A02390F1D600ACF085 /* Cart.storyboard in Resources */ = {isa = PBXBuildFile; fileRef = 0341929F2390F1D600ACF085 /* Cart.storyboard */; };
		034192A22390F1E200ACF085 /* CartViewController.swift in Sources */ = {isa = PBXBuildFile; fileRef = 034192A12390F1E200ACF085 /* CartViewController.swift */; };
		034192A42390F1F500ACF085 /* CartViewModel.swift in Sources */ = {isa = PBXBuildFile; fileRef = 034192A32390F1F500ACF085 /* CartViewModel.swift */; };
		034192A62390F20200ACF085 /* Offers.storyboard in Resources */ = {isa = PBXBuildFile; fileRef = 034192A52390F20200ACF085 /* Offers.storyboard */; };
		034192A82390F20E00ACF085 /* OffersViewController.swift in Sources */ = {isa = PBXBuildFile; fileRef = 034192A72390F20E00ACF085 /* OffersViewController.swift */; };
		034192AA2390F22000ACF085 /* OffersViewModel.swift in Sources */ = {isa = PBXBuildFile; fileRef = 034192A92390F22000ACF085 /* OffersViewModel.swift */; };
		034192AC2390F23300ACF085 /* Profile.storyboard in Resources */ = {isa = PBXBuildFile; fileRef = 034192AB2390F23300ACF085 /* Profile.storyboard */; };
		034192AE2390F24400ACF085 /* ProfileViewController.swift in Sources */ = {isa = PBXBuildFile; fileRef = 034192AD2390F24400ACF085 /* ProfileViewController.swift */; };
		034192B02390F25D00ACF085 /* ProfileViewModel.swift in Sources */ = {isa = PBXBuildFile; fileRef = 034192AF2390F25D00ACF085 /* ProfileViewModel.swift */; };
		0342BA2B23980B8200DF135A /* ProductListCollectionCell.xib in Resources */ = {isa = PBXBuildFile; fileRef = 0342BA2923980B8200DF135A /* ProductListCollectionCell.xib */; };
		0342BA2D23982F2D00DF135A /* ProductsCollectionViewFlowLayout.swift in Sources */ = {isa = PBXBuildFile; fileRef = 0342BA2C23982F2D00DF135A /* ProductsCollectionViewFlowLayout.swift */; };
		0342BA31239FFC9000DF135A /* ProductImageTableCell.swift in Sources */ = {isa = PBXBuildFile; fileRef = 0342BA30239FFC9000DF135A /* ProductImageTableCell.swift */; };
		0342BA35239FFD1C00DF135A /* ProductDetailsTableCell.swift in Sources */ = {isa = PBXBuildFile; fileRef = 0342BA34239FFD1C00DF135A /* ProductDetailsTableCell.swift */; };
		0342BA37239FFD3500DF135A /* ProductDeliveryTableCell.swift in Sources */ = {isa = PBXBuildFile; fileRef = 0342BA36239FFD3500DF135A /* ProductDeliveryTableCell.swift */; };
		0342BA39239FFD8400DF135A /* ProductSellerTableCell.swift in Sources */ = {isa = PBXBuildFile; fileRef = 0342BA38239FFD8400DF135A /* ProductSellerTableCell.swift */; };
		0342BA3B239FFD9900DF135A /* ProductRatingTableCell.swift in Sources */ = {isa = PBXBuildFile; fileRef = 0342BA3A239FFD9900DF135A /* ProductRatingTableCell.swift */; };
		0342BA3D23A00E2200DF135A /* ProductDetailsImageCollectionCell.swift in Sources */ = {isa = PBXBuildFile; fileRef = 0342BA3C23A00E2200DF135A /* ProductDetailsImageCollectionCell.swift */; };
		0342BA3F23A01CF300DF135A /* ShopCategoriesViewController.swift in Sources */ = {isa = PBXBuildFile; fileRef = 0342BA3E23A01CF300DF135A /* ShopCategoriesViewController.swift */; };
		0342BA4123A01D1600DF135A /* ShopSubCategoriesViewController.swift in Sources */ = {isa = PBXBuildFile; fileRef = 0342BA4023A01D1600DF135A /* ShopSubCategoriesViewController.swift */; };
		0342BA4423A01ED200DF135A /* CategoriesCollectionCell.swift in Sources */ = {isa = PBXBuildFile; fileRef = 0342BA4323A01ED200DF135A /* CategoriesCollectionCell.swift */; };
		034388C823A7A4CF00554426 /* RateProductViewController.swift in Sources */ = {isa = PBXBuildFile; fileRef = 034388C723A7A4CF00554426 /* RateProductViewController.swift */; };
		034388CA23A7CFC000554426 /* FilterProductViewController.swift in Sources */ = {isa = PBXBuildFile; fileRef = 034388C923A7CFC000554426 /* FilterProductViewController.swift */; };
		034388CD23A7D06900554426 /* FilterCategoryTableCell.swift in Sources */ = {isa = PBXBuildFile; fileRef = 034388CC23A7D06900554426 /* FilterCategoryTableCell.swift */; };
		034388CF23A7D08500554426 /* FilterSubCategoryTableCell.swift in Sources */ = {isa = PBXBuildFile; fileRef = 034388CE23A7D08500554426 /* FilterSubCategoryTableCell.swift */; };
		0349CEF5238801BF0019860A /* AppDelegate.swift in Sources */ = {isa = PBXBuildFile; fileRef = 0349CEF4238801BF0019860A /* AppDelegate.swift */; };
		0349CEFC238801BF0019860A /* Main.storyboard in Resources */ = {isa = PBXBuildFile; fileRef = 0349CEFA238801BF0019860A /* Main.storyboard */; };
		0349CEFE238801C80019860A /* Assets.xcassets in Resources */ = {isa = PBXBuildFile; fileRef = 0349CEFD238801C80019860A /* Assets.xcassets */; };
		0349CF01238801C80019860A /* LaunchScreen.storyboard in Resources */ = {isa = PBXBuildFile; fileRef = 0349CEFF238801C80019860A /* LaunchScreen.storyboard */; };
		0349CF0C238801C80019860A /* MoyohakTests.swift in Sources */ = {isa = PBXBuildFile; fileRef = 0349CF0B238801C80019860A /* MoyohakTests.swift */; };
		0349CF17238801C80019860A /* MoyohakUITests.swift in Sources */ = {isa = PBXBuildFile; fileRef = 0349CF16238801C80019860A /* MoyohakUITests.swift */; };
		0349CF59238CE3C40019860A /* LoginViewModel.swift in Sources */ = {isa = PBXBuildFile; fileRef = 0349CF33238CE3C40019860A /* LoginViewModel.swift */; };
		0349CF5B238CE3C40019860A /* LoginViewController.swift in Sources */ = {isa = PBXBuildFile; fileRef = 0349CF36238CE3C40019860A /* LoginViewController.swift */; };
		0349CF5C238CE3C40019860A /* SuperViewController.swift in Sources */ = {isa = PBXBuildFile; fileRef = 0349CF3A238CE3C40019860A /* SuperViewController.swift */; };
		0349CF5D238CE3C40019860A /* Extensions.swift in Sources */ = {isa = PBXBuildFile; fileRef = 0349CF3B238CE3C40019860A /* Extensions.swift */; };
		0349CF5E238CE3C40019860A /* CustomTextfield.swift in Sources */ = {isa = PBXBuildFile; fileRef = 0349CF3C238CE3C40019860A /* CustomTextfield.swift */; };
		0349CF5F238CE3C40019860A /* NavigatorController.swift in Sources */ = {isa = PBXBuildFile; fileRef = 0349CF3D238CE3C40019860A /* NavigatorController.swift */; };
		0349CF60238CE3C40019860A /* PagingControl.swift in Sources */ = {isa = PBXBuildFile; fileRef = 0349CF3E238CE3C40019860A /* PagingControl.swift */; };
		0349CF61238CE3C40019860A /* AppConstants.swift in Sources */ = {isa = PBXBuildFile; fileRef = 0349CF3F238CE3C40019860A /* AppConstants.swift */; };
		0349CF62238CE3C40019860A /* ViewNavigator.swift in Sources */ = {isa = PBXBuildFile; fileRef = 0349CF40238CE3C40019860A /* ViewNavigator.swift */; };
		0349CF63238CE3C40019860A /* MULI-EXTRALIGHT.TTF in Resources */ = {isa = PBXBuildFile; fileRef = 0349CF42238CE3C40019860A /* MULI-EXTRALIGHT.TTF */; };
		0349CF64238CE3C40019860A /* MULI-EXTRALIGHTITALIC.TTF in Resources */ = {isa = PBXBuildFile; fileRef = 0349CF43238CE3C40019860A /* MULI-EXTRALIGHTITALIC.TTF */; };
		0349CF65238CE3C40019860A /* MULI-BOLDITALIC.TTF in Resources */ = {isa = PBXBuildFile; fileRef = 0349CF44238CE3C40019860A /* MULI-BOLDITALIC.TTF */; };
		0349CF66238CE3C40019860A /* MULI-BLACK.TTF in Resources */ = {isa = PBXBuildFile; fileRef = 0349CF45238CE3C40019860A /* MULI-BLACK.TTF */; };
		0349CF67238CE3C40019860A /* MULI-EXTRABOLD.TTF in Resources */ = {isa = PBXBuildFile; fileRef = 0349CF46238CE3C40019860A /* MULI-EXTRABOLD.TTF */; };
		0349CF68238CE3C40019860A /* MULI-BOLD.TTF in Resources */ = {isa = PBXBuildFile; fileRef = 0349CF47238CE3C40019860A /* MULI-BOLD.TTF */; };
		0349CF69238CE3C40019860A /* MULI-EXTRABOLDITALIC.TTF in Resources */ = {isa = PBXBuildFile; fileRef = 0349CF48238CE3C40019860A /* MULI-EXTRABOLDITALIC.TTF */; };
		0349CF6A238CE3C40019860A /* MULI-SEMIBOLD.TTF in Resources */ = {isa = PBXBuildFile; fileRef = 0349CF49238CE3C40019860A /* MULI-SEMIBOLD.TTF */; };
		0349CF6B238CE3C40019860A /* MULI-SEMIBOLDITALIC.TTF in Resources */ = {isa = PBXBuildFile; fileRef = 0349CF4A238CE3C40019860A /* MULI-SEMIBOLDITALIC.TTF */; };
		0349CF6C238CE3C40019860A /* MULI-BLACKITALIC.TTF in Resources */ = {isa = PBXBuildFile; fileRef = 0349CF4B238CE3C40019860A /* MULI-BLACKITALIC.TTF */; };
		0349CF6D238CE3C40019860A /* MULI-LIGHT.TTF in Resources */ = {isa = PBXBuildFile; fileRef = 0349CF4C238CE3C40019860A /* MULI-LIGHT.TTF */; };
		0349CF6E238CE3C40019860A /* MULI-REGULAR.TTF in Resources */ = {isa = PBXBuildFile; fileRef = 0349CF4D238CE3C40019860A /* MULI-REGULAR.TTF */; };
		0349CF6F238CE3C40019860A /* MULI-LIGHTITALIC.TTF in Resources */ = {isa = PBXBuildFile; fileRef = 0349CF4E238CE3C40019860A /* MULI-LIGHTITALIC.TTF */; };
		0349CF70238CE3C40019860A /* MULI-REGULARITALIC.TTF in Resources */ = {isa = PBXBuildFile; fileRef = 0349CF4F238CE3C40019860A /* MULI-REGULARITALIC.TTF */; };
		0349CF79238D79E80019860A /* SCP_SCJAMoveCircle.swift in Sources */ = {isa = PBXBuildFile; fileRef = 0349CF74238D79E70019860A /* SCP_SCJAMoveCircle.swift */; };
		0349CF7A238D79E80019860A /* SCP_SCJAFlatBar.swift in Sources */ = {isa = PBXBuildFile; fileRef = 0349CF75238D79E80019860A /* SCP_SCJAFlatBar.swift */; };
		0349CF7B238D79E80019860A /* SCP_SCNormal.swift in Sources */ = {isa = PBXBuildFile; fileRef = 0349CF76238D79E80019860A /* SCP_SCNormal.swift */; };
		0349CF7C238D79E80019860A /* SCP_SCJAFillCircle.swift in Sources */ = {isa = PBXBuildFile; fileRef = 0349CF77238D79E80019860A /* SCP_SCJAFillCircle.swift */; };
		0349CF7D238D79E80019860A /* SCPageControlView.swift in Sources */ = {isa = PBXBuildFile; fileRef = 0349CF78238D79E80019860A /* SCPageControlView.swift */; };
		0362DBC623A0BD2B0041D2B2 /* SubCategoryTableCell.swift in Sources */ = {isa = PBXBuildFile; fileRef = 0362DBC523A0BD2B0041D2B2 /* SubCategoryTableCell.swift */; };
		0362DBC823A0BD440041D2B2 /* SubCategoryCollectionCell.swift in Sources */ = {isa = PBXBuildFile; fileRef = 0362DBC723A0BD440041D2B2 /* SubCategoryCollectionCell.swift */; };
		03A5850C23A0F63E004A5961 /* CartProductTableCell.swift in Sources */ = {isa = PBXBuildFile; fileRef = 03A5850B23A0F63E004A5961 /* CartProductTableCell.swift */; };
		03A5850E23A0F660004A5961 /* CartDetailsTableCell.swift in Sources */ = {isa = PBXBuildFile; fileRef = 03A5850D23A0F660004A5961 /* CartDetailsTableCell.swift */; };
		03A5851023A2167C004A5961 /* CheckoutViewController.swift in Sources */ = {isa = PBXBuildFile; fileRef = 03A5850F23A2167C004A5961 /* CheckoutViewController.swift */; };
		03A5851223A2196F004A5961 /* CheckoutAddressTableCell.swift in Sources */ = {isa = PBXBuildFile; fileRef = 03A5851123A2196F004A5961 /* CheckoutAddressTableCell.swift */; };
		03A5851423A23BA8004A5961 /* PaymentViewController.swift in Sources */ = {isa = PBXBuildFile; fileRef = 03A5851323A23BA8004A5961 /* PaymentViewController.swift */; };
		03A5851623A35E5D004A5961 /* AddAddressViewController.swift in Sources */ = {isa = PBXBuildFile; fileRef = 03A5851523A35E5D004A5961 /* AddAddressViewController.swift */; };
		03A5851823A36549004A5961 /* MyOrdersViewController.swift in Sources */ = {isa = PBXBuildFile; fileRef = 03A5851723A36549004A5961 /* MyOrdersViewController.swift */; };
		03A5851A23A375D7004A5961 /* OrdersTableCell.swift in Sources */ = {isa = PBXBuildFile; fileRef = 03A5851923A375D7004A5961 /* OrdersTableCell.swift */; };
		03A5851C23A3998A004A5961 /* MyWishlistsViewController.swift in Sources */ = {isa = PBXBuildFile; fileRef = 03A5851B23A3998A004A5961 /* MyWishlistsViewController.swift */; };
		03A5851E23A536AD004A5961 /* ProductDetailsDescriptionViewController.swift in Sources */ = {isa = PBXBuildFile; fileRef = 03A5851D23A536AD004A5961 /* ProductDetailsDescriptionViewController.swift */; };
		03A5852023A75DE1004A5961 /* ProductSpecificationTableCell.swift in Sources */ = {isa = PBXBuildFile; fileRef = 03A5851F23A75DE1004A5961 /* ProductSpecificationTableCell.swift */; };
		03A8325723A292DC00AAFD53 /* AddressDetailsTableCell.swift in Sources */ = {isa = PBXBuildFile; fileRef = 03A8325623A292DC00AAFD53 /* AddressDetailsTableCell.swift */; };
		03A8325923A2944000AAFD53 /* AddressListViewController.swift in Sources */ = {isa = PBXBuildFile; fileRef = 03A8325823A2944000AAFD53 /* AddressListViewController.swift */; };
		03AEBF72238D908D001CE765 /* IntroViewController.swift in Sources */ = {isa = PBXBuildFile; fileRef = 03AEBF71238D908D001CE765 /* IntroViewController.swift */; };
		03B8A7932393AE32004A86A9 /* ShopProductCollectionCell.swift in Sources */ = {isa = PBXBuildFile; fileRef = 03B8A7922393AE32004A86A9 /* ShopProductCollectionCell.swift */; };
		03B8A7952393AE87004A86A9 /* ShopCategoriesTableCell.swift in Sources */ = {isa = PBXBuildFile; fileRef = 03B8A7942393AE87004A86A9 /* ShopCategoriesTableCell.swift */; };
		03B8A7972393AEA6004A86A9 /* ShopBannerTableCell.swift in Sources */ = {isa = PBXBuildFile; fileRef = 03B8A7962393AEA6004A86A9 /* ShopBannerTableCell.swift */; };
		03B8A7992393AF64004A86A9 /* ShopProductTableCell.swift in Sources */ = {isa = PBXBuildFile; fileRef = 03B8A7982393AF64004A86A9 /* ShopProductTableCell.swift */; };
		03B8A79B2393BB4C004A86A9 /* ShopCategoriesCollectionCell.swift in Sources */ = {isa = PBXBuildFile; fileRef = 03B8A79A2393BB4C004A86A9 /* ShopCategoriesCollectionCell.swift */; };
		03B8A79D2393BBAC004A86A9 /* ShopBannerCollectionCell.swift in Sources */ = {isa = PBXBuildFile; fileRef = 03B8A79C2393BBAC004A86A9 /* ShopBannerCollectionCell.swift */; };
		03C32F0C239788B8004DEE4E /* Product.storyboard in Resources */ = {isa = PBXBuildFile; fileRef = 03C32F0B239788B8004DEE4E /* Product.storyboard */; };
		03C32F0E239788CA004DEE4E /* ProductViewModel.swift in Sources */ = {isa = PBXBuildFile; fileRef = 03C32F0D239788CA004DEE4E /* ProductViewModel.swift */; };
		03C32F10239788EB004DEE4E /* ProductListViewViewController.swift in Sources */ = {isa = PBXBuildFile; fileRef = 03C32F0F239788EB004DEE4E /* ProductListViewViewController.swift */; };
		03C32F142397AB8F004DEE4E /* ProductListCollectionCell.swift in Sources */ = {isa = PBXBuildFile; fileRef = 03C32F122397AB8F004DEE4E /* ProductListCollectionCell.swift */; };
		03C94B2F238DA8FE00EDC851 /* ScrollContentView.swift in Sources */ = {isa = PBXBuildFile; fileRef = 03C94B2E238DA8FE00EDC851 /* ScrollContentView.swift */; };
		03C94B31238DA91000EDC851 /* ScrollContentView.xib in Resources */ = {isa = PBXBuildFile; fileRef = 03C94B30238DA91000EDC851 /* ScrollContentView.xib */; };
/* End PBXBuildFile section */

/* Begin PBXContainerItemProxy section */
		0349CF08238801C80019860A /* PBXContainerItemProxy */ = {
			isa = PBXContainerItemProxy;
			containerPortal = 0349CEE9238801BF0019860A /* Project object */;
			proxyType = 1;
			remoteGlobalIDString = 0349CEF0238801BF0019860A;
			remoteInfo = Moyohak;
		};
		0349CF13238801C80019860A /* PBXContainerItemProxy */ = {
			isa = PBXContainerItemProxy;
			containerPortal = 0349CEE9238801BF0019860A /* Project object */;
			proxyType = 1;
			remoteGlobalIDString = 0349CEF0238801BF0019860A;
			remoteInfo = Moyohak;
		};
/* End PBXContainerItemProxy section */

/* Begin PBXFileReference section */
		031DDE70239D374500CEF9B6 /* ProductDetailsViewController.swift */ = {isa = PBXFileReference; lastKnownFileType = sourcecode.swift; path = ProductDetailsViewController.swift; sourceTree = "<group>"; };
		03276544238E811E007ECAB8 /* RegistrationViewController.swift */ = {isa = PBXFileReference; lastKnownFileType = sourcecode.swift; path = RegistrationViewController.swift; sourceTree = "<group>"; };
		03276546238E814E007ECAB8 /* RegistrationViewModel.swift */ = {isa = PBXFileReference; lastKnownFileType = sourcecode.swift; path = RegistrationViewModel.swift; sourceTree = "<group>"; };
		03276548238EC56C007ECAB8 /* OTPViewController.swift */ = {isa = PBXFileReference; lastKnownFileType = sourcecode.swift; path = OTPViewController.swift; sourceTree = "<group>"; };
		0327654A238ED5E4007ECAB8 /* ForgotPasswordViewController.swift */ = {isa = PBXFileReference; lastKnownFileType = sourcecode.swift; path = ForgotPasswordViewController.swift; sourceTree = "<group>"; };
		034192782390212E00ACF085 /* Shop.storyboard */ = {isa = PBXFileReference; lastKnownFileType = file.storyboard; path = Shop.storyboard; sourceTree = "<group>"; };
		0341927A2390214500ACF085 /* ShopViewController.swift */ = {isa = PBXFileReference; lastKnownFileType = sourcecode.swift; path = ShopViewController.swift; sourceTree = "<group>"; };
		0341927C2390215D00ACF085 /* ShopViewModel.swift */ = {isa = PBXFileReference; lastKnownFileType = sourcecode.swift; path = ShopViewModel.swift; sourceTree = "<group>"; };
		034192802390280E00ACF085 /* TabBar.swift */ = {isa = PBXFileReference; lastKnownFileType = sourcecode.swift; path = TabBar.swift; sourceTree = "<group>"; };
		034192822390356600ACF085 /* HomeTabBarController.swift */ = {isa = PBXFileReference; lastKnownFileType = sourcecode.swift; path = HomeTabBarController.swift; sourceTree = "<group>"; };
		0341928423903C0000ACF085 /* AppRootContainer.swift */ = {isa = PBXFileReference; lastKnownFileType = sourcecode.swift; path = AppRootContainer.swift; sourceTree = "<group>"; };
		034192862390420D00ACF085 /* QRCodeViewController.swift */ = {isa = PBXFileReference; lastKnownFileType = sourcecode.swift; path = QRCodeViewController.swift; sourceTree = "<group>"; };
		0341928D2390435F00ACF085 /* QRCode.storyboard */ = {isa = PBXFileReference; lastKnownFileType = file.storyboard; path = QRCode.storyboard; sourceTree = "<group>"; };
		03419291239044D700ACF085 /* QRCodeViewModel.swift */ = {isa = PBXFileReference; lastKnownFileType = sourcecode.swift; path = QRCodeViewModel.swift; sourceTree = "<group>"; };
		0341929F2390F1D600ACF085 /* Cart.storyboard */ = {isa = PBXFileReference; lastKnownFileType = file.storyboard; path = Cart.storyboard; sourceTree = "<group>"; };
		034192A12390F1E200ACF085 /* CartViewController.swift */ = {isa = PBXFileReference; lastKnownFileType = sourcecode.swift; path = CartViewController.swift; sourceTree = "<group>"; };
		034192A32390F1F500ACF085 /* CartViewModel.swift */ = {isa = PBXFileReference; lastKnownFileType = sourcecode.swift; path = CartViewModel.swift; sourceTree = "<group>"; };
		034192A52390F20200ACF085 /* Offers.storyboard */ = {isa = PBXFileReference; lastKnownFileType = file.storyboard; path = Offers.storyboard; sourceTree = "<group>"; };
		034192A72390F20E00ACF085 /* OffersViewController.swift */ = {isa = PBXFileReference; lastKnownFileType = sourcecode.swift; path = OffersViewController.swift; sourceTree = "<group>"; };
		034192A92390F22000ACF085 /* OffersViewModel.swift */ = {isa = PBXFileReference; lastKnownFileType = sourcecode.swift; path = OffersViewModel.swift; sourceTree = "<group>"; };
		034192AB2390F23300ACF085 /* Profile.storyboard */ = {isa = PBXFileReference; lastKnownFileType = file.storyboard; path = Profile.storyboard; sourceTree = "<group>"; };
		034192AD2390F24400ACF085 /* ProfileViewController.swift */ = {isa = PBXFileReference; lastKnownFileType = sourcecode.swift; path = ProfileViewController.swift; sourceTree = "<group>"; };
		034192AF2390F25D00ACF085 /* ProfileViewModel.swift */ = {isa = PBXFileReference; lastKnownFileType = sourcecode.swift; path = ProfileViewModel.swift; sourceTree = "<group>"; };
		0342BA2923980B8200DF135A /* ProductListCollectionCell.xib */ = {isa = PBXFileReference; lastKnownFileType = file.xib; path = ProductListCollectionCell.xib; sourceTree = "<group>"; };
		0342BA2C23982F2D00DF135A /* ProductsCollectionViewFlowLayout.swift */ = {isa = PBXFileReference; lastKnownFileType = sourcecode.swift; path = ProductsCollectionViewFlowLayout.swift; sourceTree = "<group>"; };
		0342BA30239FFC9000DF135A /* ProductImageTableCell.swift */ = {isa = PBXFileReference; lastKnownFileType = sourcecode.swift; path = ProductImageTableCell.swift; sourceTree = "<group>"; };
		0342BA34239FFD1C00DF135A /* ProductDetailsTableCell.swift */ = {isa = PBXFileReference; lastKnownFileType = sourcecode.swift; path = ProductDetailsTableCell.swift; sourceTree = "<group>"; };
		0342BA36239FFD3500DF135A /* ProductDeliveryTableCell.swift */ = {isa = PBXFileReference; lastKnownFileType = sourcecode.swift; path = ProductDeliveryTableCell.swift; sourceTree = "<group>"; };
		0342BA38239FFD8400DF135A /* ProductSellerTableCell.swift */ = {isa = PBXFileReference; lastKnownFileType = sourcecode.swift; path = ProductSellerTableCell.swift; sourceTree = "<group>"; };
		0342BA3A239FFD9900DF135A /* ProductRatingTableCell.swift */ = {isa = PBXFileReference; lastKnownFileType = sourcecode.swift; path = ProductRatingTableCell.swift; sourceTree = "<group>"; };
		0342BA3C23A00E2200DF135A /* ProductDetailsImageCollectionCell.swift */ = {isa = PBXFileReference; lastKnownFileType = sourcecode.swift; path = ProductDetailsImageCollectionCell.swift; sourceTree = "<group>"; };
		0342BA3E23A01CF300DF135A /* ShopCategoriesViewController.swift */ = {isa = PBXFileReference; lastKnownFileType = sourcecode.swift; path = ShopCategoriesViewController.swift; sourceTree = "<group>"; };
		0342BA4023A01D1600DF135A /* ShopSubCategoriesViewController.swift */ = {isa = PBXFileReference; lastKnownFileType = sourcecode.swift; path = ShopSubCategoriesViewController.swift; sourceTree = "<group>"; };
		0342BA4323A01ED200DF135A /* CategoriesCollectionCell.swift */ = {isa = PBXFileReference; lastKnownFileType = sourcecode.swift; path = CategoriesCollectionCell.swift; sourceTree = "<group>"; };
		034388C723A7A4CF00554426 /* RateProductViewController.swift */ = {isa = PBXFileReference; lastKnownFileType = sourcecode.swift; path = RateProductViewController.swift; sourceTree = "<group>"; };
		034388C923A7CFC000554426 /* FilterProductViewController.swift */ = {isa = PBXFileReference; lastKnownFileType = sourcecode.swift; path = FilterProductViewController.swift; sourceTree = "<group>"; };
		034388CC23A7D06900554426 /* FilterCategoryTableCell.swift */ = {isa = PBXFileReference; lastKnownFileType = sourcecode.swift; path = FilterCategoryTableCell.swift; sourceTree = "<group>"; };
		034388CE23A7D08500554426 /* FilterSubCategoryTableCell.swift */ = {isa = PBXFileReference; lastKnownFileType = sourcecode.swift; path = FilterSubCategoryTableCell.swift; sourceTree = "<group>"; };
		0349CEF1238801BF0019860A /* Moyohak.app */ = {isa = PBXFileReference; explicitFileType = wrapper.application; includeInIndex = 0; path = Moyohak.app; sourceTree = BUILT_PRODUCTS_DIR; };
		0349CEF4238801BF0019860A /* AppDelegate.swift */ = {isa = PBXFileReference; lastKnownFileType = sourcecode.swift; path = AppDelegate.swift; sourceTree = "<group>"; };
		0349CEFB238801BF0019860A /* Base */ = {isa = PBXFileReference; lastKnownFileType = file.storyboard; name = Base; path = Base.lproj/Main.storyboard; sourceTree = "<group>"; };
		0349CEFD238801C80019860A /* Assets.xcassets */ = {isa = PBXFileReference; lastKnownFileType = folder.assetcatalog; path = Assets.xcassets; sourceTree = "<group>"; };
		0349CF00238801C80019860A /* Base */ = {isa = PBXFileReference; lastKnownFileType = file.storyboard; name = Base; path = Base.lproj/LaunchScreen.storyboard; sourceTree = "<group>"; };
		0349CF02238801C80019860A /* Info.plist */ = {isa = PBXFileReference; lastKnownFileType = text.plist.xml; path = Info.plist; sourceTree = "<group>"; };
		0349CF07238801C80019860A /* MoyohakTests.xctest */ = {isa = PBXFileReference; explicitFileType = wrapper.cfbundle; includeInIndex = 0; path = MoyohakTests.xctest; sourceTree = BUILT_PRODUCTS_DIR; };
		0349CF0B238801C80019860A /* MoyohakTests.swift */ = {isa = PBXFileReference; lastKnownFileType = sourcecode.swift; path = MoyohakTests.swift; sourceTree = "<group>"; };
		0349CF0D238801C80019860A /* Info.plist */ = {isa = PBXFileReference; lastKnownFileType = text.plist.xml; path = Info.plist; sourceTree = "<group>"; };
		0349CF12238801C80019860A /* MoyohakUITests.xctest */ = {isa = PBXFileReference; explicitFileType = wrapper.cfbundle; includeInIndex = 0; path = MoyohakUITests.xctest; sourceTree = BUILT_PRODUCTS_DIR; };
		0349CF16238801C80019860A /* MoyohakUITests.swift */ = {isa = PBXFileReference; lastKnownFileType = sourcecode.swift; path = MoyohakUITests.swift; sourceTree = "<group>"; };
		0349CF18238801C80019860A /* Info.plist */ = {isa = PBXFileReference; lastKnownFileType = text.plist.xml; path = Info.plist; sourceTree = "<group>"; };
		0349CF33238CE3C40019860A /* LoginViewModel.swift */ = {isa = PBXFileReference; fileEncoding = 4; lastKnownFileType = sourcecode.swift; path = LoginViewModel.swift; sourceTree = "<group>"; };
		0349CF36238CE3C40019860A /* LoginViewController.swift */ = {isa = PBXFileReference; fileEncoding = 4; lastKnownFileType = sourcecode.swift; path = LoginViewController.swift; sourceTree = "<group>"; };
		0349CF3A238CE3C40019860A /* SuperViewController.swift */ = {isa = PBXFileReference; fileEncoding = 4; lastKnownFileType = sourcecode.swift; path = SuperViewController.swift; sourceTree = "<group>"; };
		0349CF3B238CE3C40019860A /* Extensions.swift */ = {isa = PBXFileReference; fileEncoding = 4; lastKnownFileType = sourcecode.swift; path = Extensions.swift; sourceTree = "<group>"; };
		0349CF3C238CE3C40019860A /* CustomTextfield.swift */ = {isa = PBXFileReference; fileEncoding = 4; lastKnownFileType = sourcecode.swift; path = CustomTextfield.swift; sourceTree = "<group>"; };
		0349CF3D238CE3C40019860A /* NavigatorController.swift */ = {isa = PBXFileReference; fileEncoding = 4; lastKnownFileType = sourcecode.swift; path = NavigatorController.swift; sourceTree = "<group>"; };
		0349CF3E238CE3C40019860A /* PagingControl.swift */ = {isa = PBXFileReference; fileEncoding = 4; lastKnownFileType = sourcecode.swift; path = PagingControl.swift; sourceTree = "<group>"; };
		0349CF3F238CE3C40019860A /* AppConstants.swift */ = {isa = PBXFileReference; fileEncoding = 4; lastKnownFileType = sourcecode.swift; path = AppConstants.swift; sourceTree = "<group>"; };
		0349CF40238CE3C40019860A /* ViewNavigator.swift */ = {isa = PBXFileReference; fileEncoding = 4; lastKnownFileType = sourcecode.swift; path = ViewNavigator.swift; sourceTree = "<group>"; };
		0349CF42238CE3C40019860A /* MULI-EXTRALIGHT.TTF */ = {isa = PBXFileReference; lastKnownFileType = file; path = "MULI-EXTRALIGHT.TTF"; sourceTree = "<group>"; };
		0349CF43238CE3C40019860A /* MULI-EXTRALIGHTITALIC.TTF */ = {isa = PBXFileReference; lastKnownFileType = file; path = "MULI-EXTRALIGHTITALIC.TTF"; sourceTree = "<group>"; };
		0349CF44238CE3C40019860A /* MULI-BOLDITALIC.TTF */ = {isa = PBXFileReference; lastKnownFileType = file; path = "MULI-BOLDITALIC.TTF"; sourceTree = "<group>"; };
		0349CF45238CE3C40019860A /* MULI-BLACK.TTF */ = {isa = PBXFileReference; lastKnownFileType = file; path = "MULI-BLACK.TTF"; sourceTree = "<group>"; };
		0349CF46238CE3C40019860A /* MULI-EXTRABOLD.TTF */ = {isa = PBXFileReference; lastKnownFileType = file; path = "MULI-EXTRABOLD.TTF"; sourceTree = "<group>"; };
		0349CF47238CE3C40019860A /* MULI-BOLD.TTF */ = {isa = PBXFileReference; lastKnownFileType = file; path = "MULI-BOLD.TTF"; sourceTree = "<group>"; };
		0349CF48238CE3C40019860A /* MULI-EXTRABOLDITALIC.TTF */ = {isa = PBXFileReference; lastKnownFileType = file; path = "MULI-EXTRABOLDITALIC.TTF"; sourceTree = "<group>"; };
		0349CF49238CE3C40019860A /* MULI-SEMIBOLD.TTF */ = {isa = PBXFileReference; lastKnownFileType = file; path = "MULI-SEMIBOLD.TTF"; sourceTree = "<group>"; };
		0349CF4A238CE3C40019860A /* MULI-SEMIBOLDITALIC.TTF */ = {isa = PBXFileReference; lastKnownFileType = file; path = "MULI-SEMIBOLDITALIC.TTF"; sourceTree = "<group>"; };
		0349CF4B238CE3C40019860A /* MULI-BLACKITALIC.TTF */ = {isa = PBXFileReference; lastKnownFileType = file; path = "MULI-BLACKITALIC.TTF"; sourceTree = "<group>"; };
		0349CF4C238CE3C40019860A /* MULI-LIGHT.TTF */ = {isa = PBXFileReference; lastKnownFileType = file; path = "MULI-LIGHT.TTF"; sourceTree = "<group>"; };
		0349CF4D238CE3C40019860A /* MULI-REGULAR.TTF */ = {isa = PBXFileReference; lastKnownFileType = file; path = "MULI-REGULAR.TTF"; sourceTree = "<group>"; };
		0349CF4E238CE3C40019860A /* MULI-LIGHTITALIC.TTF */ = {isa = PBXFileReference; lastKnownFileType = file; path = "MULI-LIGHTITALIC.TTF"; sourceTree = "<group>"; };
		0349CF4F238CE3C40019860A /* MULI-REGULARITALIC.TTF */ = {isa = PBXFileReference; lastKnownFileType = file; path = "MULI-REGULARITALIC.TTF"; sourceTree = "<group>"; };
		0349CF74238D79E70019860A /* SCP_SCJAMoveCircle.swift */ = {isa = PBXFileReference; fileEncoding = 4; lastKnownFileType = sourcecode.swift; path = SCP_SCJAMoveCircle.swift; sourceTree = "<group>"; };
		0349CF75238D79E80019860A /* SCP_SCJAFlatBar.swift */ = {isa = PBXFileReference; fileEncoding = 4; lastKnownFileType = sourcecode.swift; path = SCP_SCJAFlatBar.swift; sourceTree = "<group>"; };
		0349CF76238D79E80019860A /* SCP_SCNormal.swift */ = {isa = PBXFileReference; fileEncoding = 4; lastKnownFileType = sourcecode.swift; path = SCP_SCNormal.swift; sourceTree = "<group>"; };
		0349CF77238D79E80019860A /* SCP_SCJAFillCircle.swift */ = {isa = PBXFileReference; fileEncoding = 4; lastKnownFileType = sourcecode.swift; path = SCP_SCJAFillCircle.swift; sourceTree = "<group>"; };
		0349CF78238D79E80019860A /* SCPageControlView.swift */ = {isa = PBXFileReference; fileEncoding = 4; lastKnownFileType = sourcecode.swift; path = SCPageControlView.swift; sourceTree = "<group>"; };
		0362DBC523A0BD2B0041D2B2 /* SubCategoryTableCell.swift */ = {isa = PBXFileReference; lastKnownFileType = sourcecode.swift; path = SubCategoryTableCell.swift; sourceTree = "<group>"; };
		0362DBC723A0BD440041D2B2 /* SubCategoryCollectionCell.swift */ = {isa = PBXFileReference; lastKnownFileType = sourcecode.swift; path = SubCategoryCollectionCell.swift; sourceTree = "<group>"; };
		03A5850B23A0F63E004A5961 /* CartProductTableCell.swift */ = {isa = PBXFileReference; lastKnownFileType = sourcecode.swift; path = CartProductTableCell.swift; sourceTree = "<group>"; };
		03A5850D23A0F660004A5961 /* CartDetailsTableCell.swift */ = {isa = PBXFileReference; lastKnownFileType = sourcecode.swift; path = CartDetailsTableCell.swift; sourceTree = "<group>"; };
		03A5850F23A2167C004A5961 /* CheckoutViewController.swift */ = {isa = PBXFileReference; lastKnownFileType = sourcecode.swift; path = CheckoutViewController.swift; sourceTree = "<group>"; };
		03A5851123A2196F004A5961 /* CheckoutAddressTableCell.swift */ = {isa = PBXFileReference; lastKnownFileType = sourcecode.swift; path = CheckoutAddressTableCell.swift; sourceTree = "<group>"; };
		03A5851323A23BA8004A5961 /* PaymentViewController.swift */ = {isa = PBXFileReference; lastKnownFileType = sourcecode.swift; path = PaymentViewController.swift; sourceTree = "<group>"; };
		03A5851523A35E5D004A5961 /* AddAddressViewController.swift */ = {isa = PBXFileReference; lastKnownFileType = sourcecode.swift; path = AddAddressViewController.swift; sourceTree = "<group>"; };
		03A5851723A36549004A5961 /* MyOrdersViewController.swift */ = {isa = PBXFileReference; lastKnownFileType = sourcecode.swift; path = MyOrdersViewController.swift; sourceTree = "<group>"; };
		03A5851923A375D7004A5961 /* OrdersTableCell.swift */ = {isa = PBXFileReference; lastKnownFileType = sourcecode.swift; path = OrdersTableCell.swift; sourceTree = "<group>"; };
		03A5851B23A3998A004A5961 /* MyWishlistsViewController.swift */ = {isa = PBXFileReference; lastKnownFileType = sourcecode.swift; path = MyWishlistsViewController.swift; sourceTree = "<group>"; };
		03A5851D23A536AD004A5961 /* ProductDetailsDescriptionViewController.swift */ = {isa = PBXFileReference; lastKnownFileType = sourcecode.swift; path = ProductDetailsDescriptionViewController.swift; sourceTree = "<group>"; };
		03A5851F23A75DE1004A5961 /* ProductSpecificationTableCell.swift */ = {isa = PBXFileReference; lastKnownFileType = sourcecode.swift; path = ProductSpecificationTableCell.swift; sourceTree = "<group>"; };
		03A8325623A292DC00AAFD53 /* AddressDetailsTableCell.swift */ = {isa = PBXFileReference; lastKnownFileType = sourcecode.swift; path = AddressDetailsTableCell.swift; sourceTree = "<group>"; };
		03A8325823A2944000AAFD53 /* AddressListViewController.swift */ = {isa = PBXFileReference; lastKnownFileType = sourcecode.swift; path = AddressListViewController.swift; sourceTree = "<group>"; };
		03AEBF71238D908D001CE765 /* IntroViewController.swift */ = {isa = PBXFileReference; lastKnownFileType = sourcecode.swift; path = IntroViewController.swift; sourceTree = "<group>"; };
		03B8A7922393AE32004A86A9 /* ShopProductCollectionCell.swift */ = {isa = PBXFileReference; lastKnownFileType = sourcecode.swift; path = ShopProductCollectionCell.swift; sourceTree = "<group>"; };
		03B8A7942393AE87004A86A9 /* ShopCategoriesTableCell.swift */ = {isa = PBXFileReference; lastKnownFileType = sourcecode.swift; path = ShopCategoriesTableCell.swift; sourceTree = "<group>"; };
		03B8A7962393AEA6004A86A9 /* ShopBannerTableCell.swift */ = {isa = PBXFileReference; lastKnownFileType = sourcecode.swift; path = ShopBannerTableCell.swift; sourceTree = "<group>"; };
		03B8A7982393AF64004A86A9 /* ShopProductTableCell.swift */ = {isa = PBXFileReference; lastKnownFileType = sourcecode.swift; path = ShopProductTableCell.swift; sourceTree = "<group>"; };
		03B8A79A2393BB4C004A86A9 /* ShopCategoriesCollectionCell.swift */ = {isa = PBXFileReference; lastKnownFileType = sourcecode.swift; path = ShopCategoriesCollectionCell.swift; sourceTree = "<group>"; };
		03B8A79C2393BBAC004A86A9 /* ShopBannerCollectionCell.swift */ = {isa = PBXFileReference; lastKnownFileType = sourcecode.swift; path = ShopBannerCollectionCell.swift; sourceTree = "<group>"; };
		03C32F0B239788B8004DEE4E /* Product.storyboard */ = {isa = PBXFileReference; lastKnownFileType = file.storyboard; path = Product.storyboard; sourceTree = "<group>"; };
		03C32F0D239788CA004DEE4E /* ProductViewModel.swift */ = {isa = PBXFileReference; lastKnownFileType = sourcecode.swift; path = ProductViewModel.swift; sourceTree = "<group>"; };
		03C32F0F239788EB004DEE4E /* ProductListViewViewController.swift */ = {isa = PBXFileReference; lastKnownFileType = sourcecode.swift; path = ProductListViewViewController.swift; sourceTree = "<group>"; };
		03C32F122397AB8F004DEE4E /* ProductListCollectionCell.swift */ = {isa = PBXFileReference; lastKnownFileType = sourcecode.swift; path = ProductListCollectionCell.swift; sourceTree = "<group>"; };
		03C94B2E238DA8FE00EDC851 /* ScrollContentView.swift */ = {isa = PBXFileReference; lastKnownFileType = sourcecode.swift; path = ScrollContentView.swift; sourceTree = "<group>"; };
		03C94B30238DA91000EDC851 /* ScrollContentView.xib */ = {isa = PBXFileReference; lastKnownFileType = file.xib; path = ScrollContentView.xib; sourceTree = "<group>"; };
/* End PBXFileReference section */

/* Begin PBXFrameworksBuildPhase section */
		0349CEEE238801BF0019860A /* Frameworks */ = {
			isa = PBXFrameworksBuildPhase;
			buildActionMask = 2147483647;
			files = (
			);
			runOnlyForDeploymentPostprocessing = 0;
		};
		0349CF04238801C80019860A /* Frameworks */ = {
			isa = PBXFrameworksBuildPhase;
			buildActionMask = 2147483647;
			files = (
			);
			runOnlyForDeploymentPostprocessing = 0;
		};
		0349CF0F238801C80019860A /* Frameworks */ = {
			isa = PBXFrameworksBuildPhase;
			buildActionMask = 2147483647;
			files = (
			);
			runOnlyForDeploymentPostprocessing = 0;
		};
/* End PBXFrameworksBuildPhase section */

/* Begin PBXGroup section */
		03419274239020EA00ACF085 /* Home */ = {
			isa = PBXGroup;
			children = (
				034192952390F15400ACF085 /* Profile */,
				034192942390F15100ACF085 /* Offers */,
				034192932390F14E00ACF085 /* Cart */,
				034192892390431F00ACF085 /* QRCode */,
				034192882390428A00ACF085 /* Shop */,
			);
			path = Home;
			sourceTree = "<group>";
		};
		03419275239020F700ACF085 /* View */ = {
			isa = PBXGroup;
			children = (
				034192782390212E00ACF085 /* Shop.storyboard */,
			);
			path = View;
			sourceTree = "<group>";
		};
		034192762390210B00ACF085 /* ViewController */ = {
			isa = PBXGroup;
			children = (
				0341927A2390214500ACF085 /* ShopViewController.swift */,
				0342BA3E23A01CF300DF135A /* ShopCategoriesViewController.swift */,
				0342BA4023A01D1600DF135A /* ShopSubCategoriesViewController.swift */,
			);
			path = ViewController;
			sourceTree = "<group>";
		};
		034192772390211900ACF085 /* ViewModel */ = {
			isa = PBXGroup;
			children = (
				0341927C2390215D00ACF085 /* ShopViewModel.swift */,
			);
			path = ViewModel;
			sourceTree = "<group>";
		};
		034192882390428A00ACF085 /* Shop */ = {
			isa = PBXGroup;
			children = (
				03B8A7912393ADE9004A86A9 /* CustomerCell */,
				034192772390211900ACF085 /* ViewModel */,
				034192762390210B00ACF085 /* ViewController */,
				03419275239020F700ACF085 /* View */,
			);
			path = Shop;
			sourceTree = "<group>";
		};
		034192892390431F00ACF085 /* QRCode */ = {
			isa = PBXGroup;
			children = (
				0341928B2390433A00ACF085 /* ViewModel */,
				0341928C2390434900ACF085 /* ViewController */,
				0341928A2390432F00ACF085 /* View */,
			);
			path = QRCode;
			sourceTree = "<group>";
		};
		0341928A2390432F00ACF085 /* View */ = {
			isa = PBXGroup;
			children = (
				0341928D2390435F00ACF085 /* QRCode.storyboard */,
			);
			path = View;
			sourceTree = "<group>";
		};
		0341928B2390433A00ACF085 /* ViewModel */ = {
			isa = PBXGroup;
			children = (
				03419291239044D700ACF085 /* QRCodeViewModel.swift */,
			);
			path = ViewModel;
			sourceTree = "<group>";
		};
		0341928C2390434900ACF085 /* ViewController */ = {
			isa = PBXGroup;
			children = (
				034192862390420D00ACF085 /* QRCodeViewController.swift */,
			);
			path = ViewController;
			sourceTree = "<group>";
		};
		034192932390F14E00ACF085 /* Cart */ = {
			isa = PBXGroup;
			children = (
				03A5850A23A0F5F5004A5961 /* CustomCell */,
				034192982390F17800ACF085 /* ViewModel */,
				034192972390F17600ACF085 /* ViewController */,
				034192962390F17300ACF085 /* View */,
			);
			path = Cart;
			sourceTree = "<group>";
		};
		034192942390F15100ACF085 /* Offers */ = {
			isa = PBXGroup;
			children = (
				0341929B2390F19000ACF085 /* ViewModel */,
				0341929A2390F18C00ACF085 /* ViewController */,
				034192992390F18A00ACF085 /* View */,
			);
			path = Offers;
			sourceTree = "<group>";
		};
		034192952390F15400ACF085 /* Profile */ = {
			isa = PBXGroup;
			children = (
				03A8325523A288E600AAFD53 /* CustomCell */,
				0341929E2390F1AC00ACF085 /* ViewModel */,
				0341929D2390F1A900ACF085 /* ViewController */,
				0341929C2390F1A600ACF085 /* View */,
			);
			path = Profile;
			sourceTree = "<group>";
		};
		034192962390F17300ACF085 /* View */ = {
			isa = PBXGroup;
			children = (
				0341929F2390F1D600ACF085 /* Cart.storyboard */,
			);
			path = View;
			sourceTree = "<group>";
		};
		034192972390F17600ACF085 /* ViewController */ = {
			isa = PBXGroup;
			children = (
				034192A12390F1E200ACF085 /* CartViewController.swift */,
				03A5850F23A2167C004A5961 /* CheckoutViewController.swift */,
				03A5851323A23BA8004A5961 /* PaymentViewController.swift */,
			);
			path = ViewController;
			sourceTree = "<group>";
		};
		034192982390F17800ACF085 /* ViewModel */ = {
			isa = PBXGroup;
			children = (
				034192A32390F1F500ACF085 /* CartViewModel.swift */,
			);
			path = ViewModel;
			sourceTree = "<group>";
		};
		034192992390F18A00ACF085 /* View */ = {
			isa = PBXGroup;
			children = (
				034192A52390F20200ACF085 /* Offers.storyboard */,
			);
			path = View;
			sourceTree = "<group>";
		};
		0341929A2390F18C00ACF085 /* ViewController */ = {
			isa = PBXGroup;
			children = (
				034192A72390F20E00ACF085 /* OffersViewController.swift */,
			);
			path = ViewController;
			sourceTree = "<group>";
		};
		0341929B2390F19000ACF085 /* ViewModel */ = {
			isa = PBXGroup;
			children = (
				034192A92390F22000ACF085 /* OffersViewModel.swift */,
			);
			path = ViewModel;
			sourceTree = "<group>";
		};
		0341929C2390F1A600ACF085 /* View */ = {
			isa = PBXGroup;
			children = (
				034192AB2390F23300ACF085 /* Profile.storyboard */,
			);
			path = View;
			sourceTree = "<group>";
		};
		0341929D2390F1A900ACF085 /* ViewController */ = {
			isa = PBXGroup;
			children = (
				034192AD2390F24400ACF085 /* ProfileViewController.swift */,
				03A8325823A2944000AAFD53 /* AddressListViewController.swift */,
				03A5851523A35E5D004A5961 /* AddAddressViewController.swift */,
				03A5851723A36549004A5961 /* MyOrdersViewController.swift */,
				03A5851B23A3998A004A5961 /* MyWishlistsViewController.swift */,
			);
			path = ViewController;
			sourceTree = "<group>";
		};
		0341929E2390F1AC00ACF085 /* ViewModel */ = {
			isa = PBXGroup;
			children = (
				034192AF2390F25D00ACF085 /* ProfileViewModel.swift */,
			);
			path = ViewModel;
			sourceTree = "<group>";
		};
		0342BA2E239FFC4500DF135A /* ProductDetails */ = {
			isa = PBXGroup;
			children = (
				0342BA30239FFC9000DF135A /* ProductImageTableCell.swift */,
				0342BA3C23A00E2200DF135A /* ProductDetailsImageCollectionCell.swift */,
				0342BA34239FFD1C00DF135A /* ProductDetailsTableCell.swift */,
				0342BA36239FFD3500DF135A /* ProductDeliveryTableCell.swift */,
				0342BA38239FFD8400DF135A /* ProductSellerTableCell.swift */,
				0342BA3A239FFD9900DF135A /* ProductRatingTableCell.swift */,
				03A5851F23A75DE1004A5961 /* ProductSpecificationTableCell.swift */,
			);
			path = ProductDetails;
			sourceTree = "<group>";
		};
		0342BA2F239FFC5100DF135A /* ProductList */ = {
			isa = PBXGroup;
			children = (
				03C32F122397AB8F004DEE4E /* ProductListCollectionCell.swift */,
				0342BA2923980B8200DF135A /* ProductListCollectionCell.xib */,
				0342BA2C23982F2D00DF135A /* ProductsCollectionViewFlowLayout.swift */,
			);
			path = ProductList;
			sourceTree = "<group>";
		};
		0342BA4223A01EA100DF135A /* Categories */ = {
			isa = PBXGroup;
			children = (
				0342BA4323A01ED200DF135A /* CategoriesCollectionCell.swift */,
				0362DBC523A0BD2B0041D2B2 /* SubCategoryTableCell.swift */,
				0362DBC723A0BD440041D2B2 /* SubCategoryCollectionCell.swift */,
			);
			path = Categories;
			sourceTree = "<group>";
		};
		034388CB23A7D04600554426 /* Filter */ = {
			isa = PBXGroup;
			children = (
				034388CC23A7D06900554426 /* FilterCategoryTableCell.swift */,
				034388CE23A7D08500554426 /* FilterSubCategoryTableCell.swift */,
			);
			path = Filter;
			sourceTree = "<group>";
		};
		0349CEE8238801BF0019860A = {
			isa = PBXGroup;
			children = (
				0349CEF3238801BF0019860A /* Moyohak */,
				0349CF0A238801C80019860A /* MoyohakTests */,
				0349CF15238801C80019860A /* MoyohakUITests */,
				0349CEF2238801BF0019860A /* Products */,
			);
			sourceTree = "<group>";
		};
		0349CEF2238801BF0019860A /* Products */ = {
			isa = PBXGroup;
			children = (
				0349CEF1238801BF0019860A /* Moyohak.app */,
				0349CF07238801C80019860A /* MoyohakTests.xctest */,
				0349CF12238801C80019860A /* MoyohakUITests.xctest */,
			);
			name = Products;
			sourceTree = "<group>";
		};
		0349CEF3238801BF0019860A /* Moyohak */ = {
			isa = PBXGroup;
			children = (
				0349CEF4238801BF0019860A /* AppDelegate.swift */,
				0341928423903C0000ACF085 /* AppRootContainer.swift */,
				034192802390280E00ACF085 /* TabBar.swift */,
				034192822390356600ACF085 /* HomeTabBarController.swift */,
				0349CF3D238CE3C40019860A /* NavigatorController.swift */,
				0349CF24238CE3C40019860A /* Section */,
				0349CF37238CE3C40019860A /* Resources */,
				0349CEFA238801BF0019860A /* Main.storyboard */,
				0349CEFD238801C80019860A /* Assets.xcassets */,
				0349CEFF238801C80019860A /* LaunchScreen.storyboard */,
				0349CF02238801C80019860A /* Info.plist */,
			);
			path = Moyohak;
			sourceTree = "<group>";
		};
		0349CF0A238801C80019860A /* MoyohakTests */ = {
			isa = PBXGroup;
			children = (
				0349CF0B238801C80019860A /* MoyohakTests.swift */,
				0349CF0D238801C80019860A /* Info.plist */,
			);
			path = MoyohakTests;
			sourceTree = "<group>";
		};
		0349CF15238801C80019860A /* MoyohakUITests */ = {
			isa = PBXGroup;
			children = (
				0349CF16238801C80019860A /* MoyohakUITests.swift */,
				0349CF18238801C80019860A /* Info.plist */,
			);
			path = MoyohakUITests;
			sourceTree = "<group>";
		};
		0349CF24238CE3C40019860A /* Section */ = {
			isa = PBXGroup;
			children = (
				03C32F0623978860004DEE4E /* Product */,
				03419274239020EA00ACF085 /* Home */,
				0349CF25238CE3C40019860A /* Register */,
				0349CF31238CE3C40019860A /* Login */,
			);
			path = Section;
			sourceTree = "<group>";
		};
		0349CF25238CE3C40019860A /* Register */ = {
			isa = PBXGroup;
			children = (
				03C94B2D238DA8E500EDC851 /* View */,
				0349CF26238CE3C40019860A /* ViewModel */,
				0349CF28238CE3C40019860A /* ViewController */,
			);
			path = Register;
			sourceTree = "<group>";
		};
		0349CF26238CE3C40019860A /* ViewModel */ = {
			isa = PBXGroup;
			children = (
				03276546238E814E007ECAB8 /* RegistrationViewModel.swift */,
			);
			path = ViewModel;
			sourceTree = "<group>";
		};
		0349CF28238CE3C40019860A /* ViewController */ = {
			isa = PBXGroup;
			children = (
				03AEBF71238D908D001CE765 /* IntroViewController.swift */,
				03276544238E811E007ECAB8 /* RegistrationViewController.swift */,
				03276548238EC56C007ECAB8 /* OTPViewController.swift */,
			);
			path = ViewController;
			sourceTree = "<group>";
		};
		0349CF31238CE3C40019860A /* Login */ = {
			isa = PBXGroup;
			children = (
				0349CF32238CE3C40019860A /* ViewModel */,
				0349CF34238CE3C40019860A /* ViewController */,
			);
			path = Login;
			sourceTree = "<group>";
		};
		0349CF32238CE3C40019860A /* ViewModel */ = {
			isa = PBXGroup;
			children = (
				0349CF33238CE3C40019860A /* LoginViewModel.swift */,
			);
			path = ViewModel;
			sourceTree = "<group>";
		};
		0349CF34238CE3C40019860A /* ViewController */ = {
			isa = PBXGroup;
			children = (
				0349CF36238CE3C40019860A /* LoginViewController.swift */,
				0327654A238ED5E4007ECAB8 /* ForgotPasswordViewController.swift */,
			);
			path = ViewController;
			sourceTree = "<group>";
		};
		0349CF37238CE3C40019860A /* Resources */ = {
			isa = PBXGroup;
			children = (
				0349CF38238CE3C40019860A /* Utilities */,
				0349CF41238CE3C40019860A /* Fonts */,
			);
			path = Resources;
			sourceTree = "<group>";
		};
		0349CF38238CE3C40019860A /* Utilities */ = {
			isa = PBXGroup;
			children = (
				0349CF72238D79C70019860A /* ThirdParty */,
				0349CF39238CE3C40019860A /* Custom */,
			);
			path = Utilities;
			sourceTree = "<group>";
		};
		0349CF39238CE3C40019860A /* Custom */ = {
			isa = PBXGroup;
			children = (
				0349CF3A238CE3C40019860A /* SuperViewController.swift */,
				0349CF3B238CE3C40019860A /* Extensions.swift */,
				0349CF3C238CE3C40019860A /* CustomTextfield.swift */,
				0349CF3E238CE3C40019860A /* PagingControl.swift */,
				0349CF3F238CE3C40019860A /* AppConstants.swift */,
				0349CF40238CE3C40019860A /* ViewNavigator.swift */,
			);
			path = Custom;
			sourceTree = "<group>";
		};
		0349CF41238CE3C40019860A /* Fonts */ = {
			isa = PBXGroup;
			children = (
				0349CF42238CE3C40019860A /* MULI-EXTRALIGHT.TTF */,
				0349CF43238CE3C40019860A /* MULI-EXTRALIGHTITALIC.TTF */,
				0349CF44238CE3C40019860A /* MULI-BOLDITALIC.TTF */,
				0349CF45238CE3C40019860A /* MULI-BLACK.TTF */,
				0349CF46238CE3C40019860A /* MULI-EXTRABOLD.TTF */,
				0349CF47238CE3C40019860A /* MULI-BOLD.TTF */,
				0349CF48238CE3C40019860A /* MULI-EXTRABOLDITALIC.TTF */,
				0349CF49238CE3C40019860A /* MULI-SEMIBOLD.TTF */,
				0349CF4A238CE3C40019860A /* MULI-SEMIBOLDITALIC.TTF */,
				0349CF4B238CE3C40019860A /* MULI-BLACKITALIC.TTF */,
				0349CF4C238CE3C40019860A /* MULI-LIGHT.TTF */,
				0349CF4D238CE3C40019860A /* MULI-REGULAR.TTF */,
				0349CF4E238CE3C40019860A /* MULI-LIGHTITALIC.TTF */,
				0349CF4F238CE3C40019860A /* MULI-REGULARITALIC.TTF */,
			);
			path = Fonts;
			sourceTree = "<group>";
		};
		0349CF72238D79C70019860A /* ThirdParty */ = {
			isa = PBXGroup;
			children = (
				0349CF73238D79D40019860A /* PageControl */,
			);
			path = ThirdParty;
			sourceTree = "<group>";
		};
		0349CF73238D79D40019860A /* PageControl */ = {
			isa = PBXGroup;
			children = (
				0349CF77238D79E80019860A /* SCP_SCJAFillCircle.swift */,
				0349CF75238D79E80019860A /* SCP_SCJAFlatBar.swift */,
				0349CF74238D79E70019860A /* SCP_SCJAMoveCircle.swift */,
				0349CF76238D79E80019860A /* SCP_SCNormal.swift */,
				0349CF78238D79E80019860A /* SCPageControlView.swift */,
			);
			path = PageControl;
			sourceTree = "<group>";
		};
		03A5850A23A0F5F5004A5961 /* CustomCell */ = {
			isa = PBXGroup;
			children = (
				03A5850B23A0F63E004A5961 /* CartProductTableCell.swift */,
				03A5850D23A0F660004A5961 /* CartDetailsTableCell.swift */,
				03A5851123A2196F004A5961 /* CheckoutAddressTableCell.swift */,
			);
			path = CustomCell;
			sourceTree = "<group>";
		};
		03A8325523A288E600AAFD53 /* CustomCell */ = {
			isa = PBXGroup;
			children = (
				03A8325623A292DC00AAFD53 /* AddressDetailsTableCell.swift */,
				03A5851923A375D7004A5961 /* OrdersTableCell.swift */,
			);
			path = CustomCell;
			sourceTree = "<group>";
		};
		03B8A7912393ADE9004A86A9 /* CustomerCell */ = {
			isa = PBXGroup;
			children = (
				03B8A7942393AE87004A86A9 /* ShopCategoriesTableCell.swift */,
				03B8A79A2393BB4C004A86A9 /* ShopCategoriesCollectionCell.swift */,
				03B8A7962393AEA6004A86A9 /* ShopBannerTableCell.swift */,
				03B8A79C2393BBAC004A86A9 /* ShopBannerCollectionCell.swift */,
				03B8A7982393AF64004A86A9 /* ShopProductTableCell.swift */,
				03B8A7922393AE32004A86A9 /* ShopProductCollectionCell.swift */,
				0342BA4223A01EA100DF135A /* Categories */,
			);
			path = CustomerCell;
			sourceTree = "<group>";
		};
		03C32F0623978860004DEE4E /* Product */ = {
			isa = PBXGroup;
			children = (
				03C32F112397AB58004DEE4E /* CustomCell */,
				03C32F0A239788A2004DEE4E /* ViewController */,
				03C32F092397889A004DEE4E /* ViewModel */,
				03C32F0723978889004DEE4E /* View */,
			);
			path = Product;
			sourceTree = "<group>";
		};
		03C32F0723978889004DEE4E /* View */ = {
			isa = PBXGroup;
			children = (
				03C32F0B239788B8004DEE4E /* Product.storyboard */,
			);
			path = View;
			sourceTree = "<group>";
		};
		03C32F092397889A004DEE4E /* ViewModel */ = {
			isa = PBXGroup;
			children = (
				03C32F0D239788CA004DEE4E /* ProductViewModel.swift */,
			);
			path = ViewModel;
			sourceTree = "<group>";
		};
		03C32F0A239788A2004DEE4E /* ViewController */ = {
			isa = PBXGroup;
			children = (
				03C32F0F239788EB004DEE4E /* ProductListViewViewController.swift */,
				031DDE70239D374500CEF9B6 /* ProductDetailsViewController.swift */,
				03A5851D23A536AD004A5961 /* ProductDetailsDescriptionViewController.swift */,
				034388C723A7A4CF00554426 /* RateProductViewController.swift */,
				034388C923A7CFC000554426 /* FilterProductViewController.swift */,
			);
			path = ViewController;
			sourceTree = "<group>";
		};
		03C32F112397AB58004DEE4E /* CustomCell */ = {
			isa = PBXGroup;
			children = (
				034388CB23A7D04600554426 /* Filter */,
				0342BA2F239FFC5100DF135A /* ProductList */,
				0342BA2E239FFC4500DF135A /* ProductDetails */,
			);
			path = CustomCell;
			sourceTree = "<group>";
		};
		03C94B2D238DA8E500EDC851 /* View */ = {
			isa = PBXGroup;
			children = (
				03C94B2E238DA8FE00EDC851 /* ScrollContentView.swift */,
				03C94B30238DA91000EDC851 /* ScrollContentView.xib */,
			);
			path = View;
			sourceTree = "<group>";
		};
/* End PBXGroup section */

/* Begin PBXNativeTarget section */
		0349CEF0238801BF0019860A /* Moyohak */ = {
			isa = PBXNativeTarget;
			buildConfigurationList = 0349CF1B238801C80019860A /* Build configuration list for PBXNativeTarget "Moyohak" */;
			buildPhases = (
				0349CEED238801BF0019860A /* Sources */,
				0349CEEE238801BF0019860A /* Frameworks */,
				0349CEEF238801BF0019860A /* Resources */,
			);
			buildRules = (
			);
			dependencies = (
			);
			name = Moyohak;
			productName = Moyohak;
			productReference = 0349CEF1238801BF0019860A /* Moyohak.app */;
			productType = "com.apple.product-type.application";
		};
		0349CF06238801C80019860A /* MoyohakTests */ = {
			isa = PBXNativeTarget;
			buildConfigurationList = 0349CF1E238801C80019860A /* Build configuration list for PBXNativeTarget "MoyohakTests" */;
			buildPhases = (
				0349CF03238801C80019860A /* Sources */,
				0349CF04238801C80019860A /* Frameworks */,
				0349CF05238801C80019860A /* Resources */,
			);
			buildRules = (
			);
			dependencies = (
				0349CF09238801C80019860A /* PBXTargetDependency */,
			);
			name = MoyohakTests;
			productName = MoyohakTests;
			productReference = 0349CF07238801C80019860A /* MoyohakTests.xctest */;
			productType = "com.apple.product-type.bundle.unit-test";
		};
		0349CF11238801C80019860A /* MoyohakUITests */ = {
			isa = PBXNativeTarget;
			buildConfigurationList = 0349CF21238801C80019860A /* Build configuration list for PBXNativeTarget "MoyohakUITests" */;
			buildPhases = (
				0349CF0E238801C80019860A /* Sources */,
				0349CF0F238801C80019860A /* Frameworks */,
				0349CF10238801C80019860A /* Resources */,
			);
			buildRules = (
			);
			dependencies = (
				0349CF14238801C80019860A /* PBXTargetDependency */,
			);
			name = MoyohakUITests;
			productName = MoyohakUITests;
			productReference = 0349CF12238801C80019860A /* MoyohakUITests.xctest */;
			productType = "com.apple.product-type.bundle.ui-testing";
		};
/* End PBXNativeTarget section */

/* Begin PBXProject section */
		0349CEE9238801BF0019860A /* Project object */ = {
			isa = PBXProject;
			attributes = {
				LastSwiftUpdateCheck = 1120;
				LastUpgradeCheck = 1120;
				ORGANIZATIONNAME = "Nikhil Nandha";
				TargetAttributes = {
					0349CEF0238801BF0019860A = {
						CreatedOnToolsVersion = 11.2.1;
					};
					0349CF06238801C80019860A = {
						CreatedOnToolsVersion = 11.2.1;
						TestTargetID = 0349CEF0238801BF0019860A;
					};
					0349CF11238801C80019860A = {
						CreatedOnToolsVersion = 11.2.1;
						TestTargetID = 0349CEF0238801BF0019860A;
					};
				};
			};
			buildConfigurationList = 0349CEEC238801BF0019860A /* Build configuration list for PBXProject "Moyohak" */;
			compatibilityVersion = "Xcode 9.3";
			developmentRegion = en;
			hasScannedForEncodings = 0;
			knownRegions = (
				en,
				Base,
			);
			mainGroup = 0349CEE8238801BF0019860A;
			productRefGroup = 0349CEF2238801BF0019860A /* Products */;
			projectDirPath = "";
			projectRoot = "";
			targets = (
				0349CEF0238801BF0019860A /* Moyohak */,
				0349CF06238801C80019860A /* MoyohakTests */,
				0349CF11238801C80019860A /* MoyohakUITests */,
			);
		};
/* End PBXProject section */

/* Begin PBXResourcesBuildPhase section */
		0349CEEF238801BF0019860A /* Resources */ = {
			isa = PBXResourcesBuildPhase;
			buildActionMask = 2147483647;
			files = (
				0342BA2B23980B8200DF135A /* ProductListCollectionCell.xib in Resources */,
				0349CF6B238CE3C40019860A /* MULI-SEMIBOLDITALIC.TTF in Resources */,
				0349CF70238CE3C40019860A /* MULI-REGULARITALIC.TTF in Resources */,
				0349CF66238CE3C40019860A /* MULI-BLACK.TTF in Resources */,
				03C94B31238DA91000EDC851 /* ScrollContentView.xib in Resources */,
				0349CF6F238CE3C40019860A /* MULI-LIGHTITALIC.TTF in Resources */,
				0349CF01238801C80019860A /* LaunchScreen.storyboard in Resources */,
				0349CEFE238801C80019860A /* Assets.xcassets in Resources */,
				034192AC2390F23300ACF085 /* Profile.storyboard in Resources */,
				0349CF68238CE3C40019860A /* MULI-BOLD.TTF in Resources */,
				0349CF6C238CE3C40019860A /* MULI-BLACKITALIC.TTF in Resources */,
				03C32F0C239788B8004DEE4E /* Product.storyboard in Resources */,
				0349CF6E238CE3C40019860A /* MULI-REGULAR.TTF in Resources */,
				0349CF65238CE3C40019860A /* MULI-BOLDITALIC.TTF in Resources */,
				0349CF6A238CE3C40019860A /* MULI-SEMIBOLD.TTF in Resources */,
				0349CF6D238CE3C40019860A /* MULI-LIGHT.TTF in Resources */,
				034192A02390F1D600ACF085 /* Cart.storyboard in Resources */,
				0349CF64238CE3C40019860A /* MULI-EXTRALIGHTITALIC.TTF in Resources */,
				0341928E2390435F00ACF085 /* QRCode.storyboard in Resources */,
				0349CEFC238801BF0019860A /* Main.storyboard in Resources */,
				034192792390212E00ACF085 /* Shop.storyboard in Resources */,
				0349CF69238CE3C40019860A /* MULI-EXTRABOLDITALIC.TTF in Resources */,
				0349CF63238CE3C40019860A /* MULI-EXTRALIGHT.TTF in Resources */,
				0349CF67238CE3C40019860A /* MULI-EXTRABOLD.TTF in Resources */,
				034192A62390F20200ACF085 /* Offers.storyboard in Resources */,
			);
			runOnlyForDeploymentPostprocessing = 0;
		};
		0349CF05238801C80019860A /* Resources */ = {
			isa = PBXResourcesBuildPhase;
			buildActionMask = 2147483647;
			files = (
			);
			runOnlyForDeploymentPostprocessing = 0;
		};
		0349CF10238801C80019860A /* Resources */ = {
			isa = PBXResourcesBuildPhase;
			buildActionMask = 2147483647;
			files = (
			);
			runOnlyForDeploymentPostprocessing = 0;
		};
/* End PBXResourcesBuildPhase section */

/* Begin PBXSourcesBuildPhase section */
		0349CEED238801BF0019860A /* Sources */ = {
			isa = PBXSourcesBuildPhase;
			buildActionMask = 2147483647;
			files = (
				03A8325723A292DC00AAFD53 /* AddressDetailsTableCell.swift in Sources */,
				03A5850C23A0F63E004A5961 /* CartProductTableCell.swift in Sources */,
				03276549238EC56C007ECAB8 /* OTPViewController.swift in Sources */,
				03B8A7932393AE32004A86A9 /* ShopProductCollectionCell.swift in Sources */,
				03C32F0E239788CA004DEE4E /* ProductViewModel.swift in Sources */,
				03C32F10239788EB004DEE4E /* ProductListViewViewController.swift in Sources */,
				0342BA4123A01D1600DF135A /* ShopSubCategoriesViewController.swift in Sources */,
				03A5851623A35E5D004A5961 /* AddAddressViewController.swift in Sources */,
				034192AA2390F22000ACF085 /* OffersViewModel.swift in Sources */,
				0341928523903C0000ACF085 /* AppRootContainer.swift in Sources */,
				0342BA37239FFD3500DF135A /* ProductDeliveryTableCell.swift in Sources */,
				0349CF61238CE3C40019860A /* AppConstants.swift in Sources */,
				0342BA4423A01ED200DF135A /* CategoriesCollectionCell.swift in Sources */,
				03B8A79D2393BBAC004A86A9 /* ShopBannerCollectionCell.swift in Sources */,
				0349CF59238CE3C40019860A /* LoginViewModel.swift in Sources */,
				03A5851223A2196F004A5961 /* CheckoutAddressTableCell.swift in Sources */,
				034388C823A7A4CF00554426 /* RateProductViewController.swift in Sources */,
				0342BA3D23A00E2200DF135A /* ProductDetailsImageCollectionCell.swift in Sources */,
				03A5851A23A375D7004A5961 /* OrdersTableCell.swift in Sources */,
				03C94B2F238DA8FE00EDC851 /* ScrollContentView.swift in Sources */,
				034192AE2390F24400ACF085 /* ProfileViewController.swift in Sources */,
				03A8325923A2944000AAFD53 /* AddressListViewController.swift in Sources */,
				034192832390356600ACF085 /* HomeTabBarController.swift in Sources */,
				034192A42390F1F500ACF085 /* CartViewModel.swift in Sources */,
				03276547238E814E007ECAB8 /* RegistrationViewModel.swift in Sources */,
				0341927D2390215D00ACF085 /* ShopViewModel.swift in Sources */,
				0349CF5E238CE3C40019860A /* CustomTextfield.swift in Sources */,
				03B8A7972393AEA6004A86A9 /* ShopBannerTableCell.swift in Sources */,
				034388CD23A7D06900554426 /* FilterCategoryTableCell.swift in Sources */,
				0349CEF5238801BF0019860A /* AppDelegate.swift in Sources */,
				03A5851C23A3998A004A5961 /* MyWishlistsViewController.swift in Sources */,
				0362DBC823A0BD440041D2B2 /* SubCategoryCollectionCell.swift in Sources */,
				03A5851E23A536AD004A5961 /* ProductDetailsDescriptionViewController.swift in Sources */,
				0341927B2390214500ACF085 /* ShopViewController.swift in Sources */,
				03A5850E23A0F660004A5961 /* CartDetailsTableCell.swift in Sources */,
				034192812390280E00ACF085 /* TabBar.swift in Sources */,
				0349CF62238CE3C40019860A /* ViewNavigator.swift in Sources */,
				0327654B238ED5E4007ECAB8 /* ForgotPasswordViewController.swift in Sources */,
				0342BA31239FFC9000DF135A /* ProductImageTableCell.swift in Sources */,
				0349CF7B238D79E80019860A /* SCP_SCNormal.swift in Sources */,
				03A5851823A36549004A5961 /* MyOrdersViewController.swift in Sources */,
				0342BA39239FFD8400DF135A /* ProductSellerTableCell.swift in Sources */,
				0349CF7C238D79E80019860A /* SCP_SCJAFillCircle.swift in Sources */,
				03A5851023A2167C004A5961 /* CheckoutViewController.swift in Sources */,
				03B8A7952393AE87004A86A9 /* ShopCategoriesTableCell.swift in Sources */,
				034388CF23A7D08500554426 /* FilterSubCategoryTableCell.swift in Sources */,
				034388CA23A7CFC000554426 /* FilterProductViewController.swift in Sources */,
				0349CF5D238CE3C40019860A /* Extensions.swift in Sources */,
				0349CF7A238D79E80019860A /* SCP_SCJAFlatBar.swift in Sources */,
				03A5852023A75DE1004A5961 /* ProductSpecificationTableCell.swift in Sources */,
				03B8A7992393AF64004A86A9 /* ShopProductTableCell.swift in Sources */,
				0342BA3F23A01CF300DF135A /* ShopCategoriesViewController.swift in Sources */,
				0342BA3B239FFD9900DF135A /* ProductRatingTableCell.swift in Sources */,
				0349CF60238CE3C40019860A /* PagingControl.swift in Sources */,
				0349CF5B238CE3C40019860A /* LoginViewController.swift in Sources */,
				03A5851423A23BA8004A5961 /* PaymentViewController.swift in Sources */,
				034192A82390F20E00ACF085 /* OffersViewController.swift in Sources */,
				03276545238E811E007ECAB8 /* RegistrationViewController.swift in Sources */,
				0349CF5F238CE3C40019860A /* NavigatorController.swift in Sources */,
				031DDE71239D374500CEF9B6 /* ProductDetailsViewController.swift in Sources */,
				0349CF7D238D79E80019860A /* SCPageControlView.swift in Sources */,
				0362DBC623A0BD2B0041D2B2 /* SubCategoryTableCell.swift in Sources */,
				0342BA2D23982F2D00DF135A /* ProductsCollectionViewFlowLayout.swift in Sources */,
				0349CF5C238CE3C40019860A /* SuperViewController.swift in Sources */,
				034192872390420D00ACF085 /* QRCodeViewController.swift in Sources */,
				034192A22390F1E200ACF085 /* CartViewController.swift in Sources */,
				0342BA35239FFD1C00DF135A /* ProductDetailsTableCell.swift in Sources */,
				03B8A79B2393BB4C004A86A9 /* ShopCategoriesCollectionCell.swift in Sources */,
				034192B02390F25D00ACF085 /* ProfileViewModel.swift in Sources */,
				0349CF79238D79E80019860A /* SCP_SCJAMoveCircle.swift in Sources */,
				03C32F142397AB8F004DEE4E /* ProductListCollectionCell.swift in Sources */,
				03419292239044D700ACF085 /* QRCodeViewModel.swift in Sources */,
				03AEBF72238D908D001CE765 /* IntroViewController.swift in Sources */,
			);
			runOnlyForDeploymentPostprocessing = 0;
		};
		0349CF03238801C80019860A /* Sources */ = {
			isa = PBXSourcesBuildPhase;
			buildActionMask = 2147483647;
			files = (
				0349CF0C238801C80019860A /* MoyohakTests.swift in Sources */,
			);
			runOnlyForDeploymentPostprocessing = 0;
		};
		0349CF0E238801C80019860A /* Sources */ = {
			isa = PBXSourcesBuildPhase;
			buildActionMask = 2147483647;
			files = (
				0349CF17238801C80019860A /* MoyohakUITests.swift in Sources */,
			);
			runOnlyForDeploymentPostprocessing = 0;
		};
/* End PBXSourcesBuildPhase section */

/* Begin PBXTargetDependency section */
		0349CF09238801C80019860A /* PBXTargetDependency */ = {
			isa = PBXTargetDependency;
			target = 0349CEF0238801BF0019860A /* Moyohak */;
			targetProxy = 0349CF08238801C80019860A /* PBXContainerItemProxy */;
		};
		0349CF14238801C80019860A /* PBXTargetDependency */ = {
			isa = PBXTargetDependency;
			target = 0349CEF0238801BF0019860A /* Moyohak */;
			targetProxy = 0349CF13238801C80019860A /* PBXContainerItemProxy */;
		};
/* End PBXTargetDependency section */

/* Begin PBXVariantGroup section */
		0349CEFA238801BF0019860A /* Main.storyboard */ = {
			isa = PBXVariantGroup;
			children = (
				0349CEFB238801BF0019860A /* Base */,
			);
			name = Main.storyboard;
			sourceTree = "<group>";
		};
		0349CEFF238801C80019860A /* LaunchScreen.storyboard */ = {
			isa = PBXVariantGroup;
			children = (
				0349CF00238801C80019860A /* Base */,
			);
			name = LaunchScreen.storyboard;
			sourceTree = "<group>";
		};
/* End PBXVariantGroup section */

/* Begin XCBuildConfiguration section */
		0349CF19238801C80019860A /* Debug */ = {
			isa = XCBuildConfiguration;
			buildSettings = {
				ALWAYS_SEARCH_USER_PATHS = NO;
				CLANG_ANALYZER_NONNULL = YES;
				CLANG_ANALYZER_NUMBER_OBJECT_CONVERSION = YES_AGGRESSIVE;
				CLANG_CXX_LANGUAGE_STANDARD = "gnu++14";
				CLANG_CXX_LIBRARY = "libc++";
				CLANG_ENABLE_MODULES = YES;
				CLANG_ENABLE_OBJC_ARC = YES;
				CLANG_ENABLE_OBJC_WEAK = YES;
				CLANG_WARN_BLOCK_CAPTURE_AUTORELEASING = YES;
				CLANG_WARN_BOOL_CONVERSION = YES;
				CLANG_WARN_COMMA = YES;
				CLANG_WARN_CONSTANT_CONVERSION = YES;
				CLANG_WARN_DEPRECATED_OBJC_IMPLEMENTATIONS = YES;
				CLANG_WARN_DIRECT_OBJC_ISA_USAGE = YES_ERROR;
				CLANG_WARN_DOCUMENTATION_COMMENTS = YES;
				CLANG_WARN_EMPTY_BODY = YES;
				CLANG_WARN_ENUM_CONVERSION = YES;
				CLANG_WARN_INFINITE_RECURSION = YES;
				CLANG_WARN_INT_CONVERSION = YES;
				CLANG_WARN_NON_LITERAL_NULL_CONVERSION = YES;
				CLANG_WARN_OBJC_IMPLICIT_RETAIN_SELF = YES;
				CLANG_WARN_OBJC_LITERAL_CONVERSION = YES;
				CLANG_WARN_OBJC_ROOT_CLASS = YES_ERROR;
				CLANG_WARN_RANGE_LOOP_ANALYSIS = YES;
				CLANG_WARN_STRICT_PROTOTYPES = YES;
				CLANG_WARN_SUSPICIOUS_MOVE = YES;
				CLANG_WARN_UNGUARDED_AVAILABILITY = YES_AGGRESSIVE;
				CLANG_WARN_UNREACHABLE_CODE = YES;
				CLANG_WARN__DUPLICATE_METHOD_MATCH = YES;
				COPY_PHASE_STRIP = NO;
				DEBUG_INFORMATION_FORMAT = dwarf;
				ENABLE_STRICT_OBJC_MSGSEND = YES;
				ENABLE_TESTABILITY = YES;
				GCC_C_LANGUAGE_STANDARD = gnu11;
				GCC_DYNAMIC_NO_PIC = NO;
				GCC_NO_COMMON_BLOCKS = YES;
				GCC_OPTIMIZATION_LEVEL = 0;
				GCC_PREPROCESSOR_DEFINITIONS = (
					"DEBUG=1",
					"$(inherited)",
				);
				GCC_WARN_64_TO_32_BIT_CONVERSION = YES;
				GCC_WARN_ABOUT_RETURN_TYPE = YES_ERROR;
				GCC_WARN_UNDECLARED_SELECTOR = YES;
				GCC_WARN_UNINITIALIZED_AUTOS = YES_AGGRESSIVE;
				GCC_WARN_UNUSED_FUNCTION = YES;
				GCC_WARN_UNUSED_VARIABLE = YES;
				IPHONEOS_DEPLOYMENT_TARGET = 13.2;
				MTL_ENABLE_DEBUG_INFO = INCLUDE_SOURCE;
				MTL_FAST_MATH = YES;
				ONLY_ACTIVE_ARCH = YES;
				SDKROOT = iphoneos;
				SWIFT_ACTIVE_COMPILATION_CONDITIONS = DEBUG;
				SWIFT_OPTIMIZATION_LEVEL = "-Onone";
			};
			name = Debug;
		};
		0349CF1A238801C80019860A /* Release */ = {
			isa = XCBuildConfiguration;
			buildSettings = {
				ALWAYS_SEARCH_USER_PATHS = NO;
				CLANG_ANALYZER_NONNULL = YES;
				CLANG_ANALYZER_NUMBER_OBJECT_CONVERSION = YES_AGGRESSIVE;
				CLANG_CXX_LANGUAGE_STANDARD = "gnu++14";
				CLANG_CXX_LIBRARY = "libc++";
				CLANG_ENABLE_MODULES = YES;
				CLANG_ENABLE_OBJC_ARC = YES;
				CLANG_ENABLE_OBJC_WEAK = YES;
				CLANG_WARN_BLOCK_CAPTURE_AUTORELEASING = YES;
				CLANG_WARN_BOOL_CONVERSION = YES;
				CLANG_WARN_COMMA = YES;
				CLANG_WARN_CONSTANT_CONVERSION = YES;
				CLANG_WARN_DEPRECATED_OBJC_IMPLEMENTATIONS = YES;
				CLANG_WARN_DIRECT_OBJC_ISA_USAGE = YES_ERROR;
				CLANG_WARN_DOCUMENTATION_COMMENTS = YES;
				CLANG_WARN_EMPTY_BODY = YES;
				CLANG_WARN_ENUM_CONVERSION = YES;
				CLANG_WARN_INFINITE_RECURSION = YES;
				CLANG_WARN_INT_CONVERSION = YES;
				CLANG_WARN_NON_LITERAL_NULL_CONVERSION = YES;
				CLANG_WARN_OBJC_IMPLICIT_RETAIN_SELF = YES;
				CLANG_WARN_OBJC_LITERAL_CONVERSION = YES;
				CLANG_WARN_OBJC_ROOT_CLASS = YES_ERROR;
				CLANG_WARN_RANGE_LOOP_ANALYSIS = YES;
				CLANG_WARN_STRICT_PROTOTYPES = YES;
				CLANG_WARN_SUSPICIOUS_MOVE = YES;
				CLANG_WARN_UNGUARDED_AVAILABILITY = YES_AGGRESSIVE;
				CLANG_WARN_UNREACHABLE_CODE = YES;
				CLANG_WARN__DUPLICATE_METHOD_MATCH = YES;
				COPY_PHASE_STRIP = NO;
				DEBUG_INFORMATION_FORMAT = "dwarf-with-dsym";
				ENABLE_NS_ASSERTIONS = NO;
				ENABLE_STRICT_OBJC_MSGSEND = YES;
				GCC_C_LANGUAGE_STANDARD = gnu11;
				GCC_NO_COMMON_BLOCKS = YES;
				GCC_WARN_64_TO_32_BIT_CONVERSION = YES;
				GCC_WARN_ABOUT_RETURN_TYPE = YES_ERROR;
				GCC_WARN_UNDECLARED_SELECTOR = YES;
				GCC_WARN_UNINITIALIZED_AUTOS = YES_AGGRESSIVE;
				GCC_WARN_UNUSED_FUNCTION = YES;
				GCC_WARN_UNUSED_VARIABLE = YES;
				IPHONEOS_DEPLOYMENT_TARGET = 13.2;
				MTL_ENABLE_DEBUG_INFO = NO;
				MTL_FAST_MATH = YES;
				SDKROOT = iphoneos;
				SWIFT_COMPILATION_MODE = wholemodule;
				SWIFT_OPTIMIZATION_LEVEL = "-O";
				VALIDATE_PRODUCT = YES;
			};
			name = Release;
		};
		0349CF1C238801C80019860A /* Debug */ = {
			isa = XCBuildConfiguration;
			buildSettings = {
				ASSETCATALOG_COMPILER_APPICON_NAME = AppIcon;
				CODE_SIGN_IDENTITY = "Apple Development";
				CODE_SIGN_STYLE = Automatic;
				DEVELOPMENT_TEAM = GSW43A9QU6;
				INFOPLIST_FILE = Moyohak/Info.plist;
				LD_RUNPATH_SEARCH_PATHS = (
					"$(inherited)",
					"@executable_path/Frameworks",
				);
				PRODUCT_BUNDLE_IDENTIFIER = com.moyohak.user;
				PRODUCT_NAME = "$(TARGET_NAME)";
				PROVISIONING_PROFILE_SPECIFIER = "";
				SWIFT_VERSION = 5.0;
				TARGETED_DEVICE_FAMILY = "1,2";
			};
			name = Debug;
		};
		0349CF1D238801C80019860A /* Release */ = {
			isa = XCBuildConfiguration;
			buildSettings = {
				ASSETCATALOG_COMPILER_APPICON_NAME = AppIcon;
				CODE_SIGN_IDENTITY = "Apple Development";
				CODE_SIGN_STYLE = Automatic;
				DEVELOPMENT_TEAM = GSW43A9QU6;
				INFOPLIST_FILE = Moyohak/Info.plist;
				LD_RUNPATH_SEARCH_PATHS = (
					"$(inherited)",
					"@executable_path/Frameworks",
				);
				PRODUCT_BUNDLE_IDENTIFIER = com.moyohak.user;
				PRODUCT_NAME = "$(TARGET_NAME)";
				PROVISIONING_PROFILE_SPECIFIER = "";
				SWIFT_VERSION = 5.0;
				TARGETED_DEVICE_FAMILY = "1,2";
			};
			name = Release;
		};
		0349CF1F238801C80019860A /* Debug */ = {
			isa = XCBuildConfiguration;
			buildSettings = {
				ALWAYS_EMBED_SWIFT_STANDARD_LIBRARIES = YES;
				BUNDLE_LOADER = "$(TEST_HOST)";
				CODE_SIGN_STYLE = Automatic;
				INFOPLIST_FILE = MoyohakTests/Info.plist;
				IPHONEOS_DEPLOYMENT_TARGET = 13.2;
				LD_RUNPATH_SEARCH_PATHS = (
					"$(inherited)",
					"@executable_path/Frameworks",
					"@loader_path/Frameworks",
				);
				PRODUCT_BUNDLE_IDENTIFIER = com.nikhil.MoyohakTests;
				PRODUCT_NAME = "$(TARGET_NAME)";
				SWIFT_VERSION = 5.0;
				TARGETED_DEVICE_FAMILY = "1,2";
				TEST_HOST = "$(BUILT_PRODUCTS_DIR)/Moyohak.app/Moyohak";
			};
			name = Debug;
		};
		0349CF20238801C80019860A /* Release */ = {
			isa = XCBuildConfiguration;
			buildSettings = {
				ALWAYS_EMBED_SWIFT_STANDARD_LIBRARIES = YES;
				BUNDLE_LOADER = "$(TEST_HOST)";
				CODE_SIGN_STYLE = Automatic;
				INFOPLIST_FILE = MoyohakTests/Info.plist;
				IPHONEOS_DEPLOYMENT_TARGET = 13.2;
				LD_RUNPATH_SEARCH_PATHS = (
					"$(inherited)",
					"@executable_path/Frameworks",
					"@loader_path/Frameworks",
				);
				PRODUCT_BUNDLE_IDENTIFIER = com.nikhil.MoyohakTests;
				PRODUCT_NAME = "$(TARGET_NAME)";
				SWIFT_VERSION = 5.0;
				TARGETED_DEVICE_FAMILY = "1,2";
				TEST_HOST = "$(BUILT_PRODUCTS_DIR)/Moyohak.app/Moyohak";
			};
			name = Release;
		};
		0349CF22238801C80019860A /* Debug */ = {
			isa = XCBuildConfiguration;
			buildSettings = {
				ALWAYS_EMBED_SWIFT_STANDARD_LIBRARIES = YES;
				CODE_SIGN_STYLE = Automatic;
				INFOPLIST_FILE = MoyohakUITests/Info.plist;
				LD_RUNPATH_SEARCH_PATHS = (
					"$(inherited)",
					"@executable_path/Frameworks",
					"@loader_path/Frameworks",
				);
				PRODUCT_BUNDLE_IDENTIFIER = com.nikhil.MoyohakUITests;
				PRODUCT_NAME = "$(TARGET_NAME)";
				SWIFT_VERSION = 5.0;
				TARGETED_DEVICE_FAMILY = "1,2";
				TEST_TARGET_NAME = Moyohak;
			};
			name = Debug;
		};
		0349CF23238801C80019860A /* Release */ = {
			isa = XCBuildConfiguration;
			buildSettings = {
				ALWAYS_EMBED_SWIFT_STANDARD_LIBRARIES = YES;
				CODE_SIGN_STYLE = Automatic;
				INFOPLIST_FILE = MoyohakUITests/Info.plist;
				LD_RUNPATH_SEARCH_PATHS = (
					"$(inherited)",
					"@executable_path/Frameworks",
					"@loader_path/Frameworks",
				);
				PRODUCT_BUNDLE_IDENTIFIER = com.nikhil.MoyohakUITests;
				PRODUCT_NAME = "$(TARGET_NAME)";
				SWIFT_VERSION = 5.0;
				TARGETED_DEVICE_FAMILY = "1,2";
				TEST_TARGET_NAME = Moyohak;
			};
			name = Release;
		};
/* End XCBuildConfiguration section */

/* Begin XCConfigurationList section */
		0349CEEC238801BF0019860A /* Build configuration list for PBXProject "Moyohak" */ = {
			isa = XCConfigurationList;
			buildConfigurations = (
				0349CF19238801C80019860A /* Debug */,
				0349CF1A238801C80019860A /* Release */,
			);
			defaultConfigurationIsVisible = 0;
			defaultConfigurationName = Release;
		};
		0349CF1B238801C80019860A /* Build configuration list for PBXNativeTarget "Moyohak" */ = {
			isa = XCConfigurationList;
			buildConfigurations = (
				0349CF1C238801C80019860A /* Debug */,
				0349CF1D238801C80019860A /* Release */,
			);
			defaultConfigurationIsVisible = 0;
			defaultConfigurationName = Release;
		};
		0349CF1E238801C80019860A /* Build configuration list for PBXNativeTarget "MoyohakTests" */ = {
			isa = XCConfigurationList;
			buildConfigurations = (
				0349CF1F238801C80019860A /* Debug */,
				0349CF20238801C80019860A /* Release */,
			);
			defaultConfigurationIsVisible = 0;
			defaultConfigurationName = Release;
		};
		0349CF21238801C80019860A /* Build configuration list for PBXNativeTarget "MoyohakUITests" */ = {
			isa = XCConfigurationList;
			buildConfigurations = (
				0349CF22238801C80019860A /* Debug */,
				0349CF23238801C80019860A /* Release */,
			);
			defaultConfigurationIsVisible = 0;
			defaultConfigurationName = Release;
		};
/* End XCConfigurationList section */
	};
	rootObject = 0349CEE9238801BF0019860A /* Project object */;
}
